# This file was autogenerated by uv via the following command:
#    uv export --frozen --all-groups --no-emit-project --no-hashes --output-file requirements.lock
annotated-types==0.8.0
    # via pydantic
anyio==4.15.1
    # via httpx
attrs==26.1.0
    # via hypothesis
bandit==1.8.5
boolean-py==5.0
    # via license-expression
brian2==2.9.0
    # via drosophila-sentinel
cachecontrol==0.14.4
    # via pip-audit
certifi==2026.7.22
    # via
    #   httpcore
    #   httpx
    #   requests
cfgv==3.5.0
    # via pre-commit
charset-normalizer==3.5.2
    # via requests
click==8.5.0
    # via typer
cloudpickle==3.1.2
    # via joblib
colorama==0.4.6 ; sys_platform == 'win32'
    # via
    #   bandit
    #   pytest
contourpy==1.3.3
    # via matplotlib
coverage==7.16.2
    # via pytest-cov
cycler==0.12.1
    # via matplotlib
cyclonedx-python-lib==9.1.0
    # via pip-audit
cython==3.3.0
    # via brian2
defusedxml==0.7.1
    # via py-serializable
detect-secrets==1.5.0
distlib==0.4.3
    # via virtualenv
filelock==4.0.7
    # via
    #   cachecontrol
    #   python-discovery
    #   torch
    #   virtualenv
fonttools==4.66.1
    # via matplotlib
fsspec==2026.9.0
    # via torch
h11==0.16.0
    # via httpcore
httpcore==1.0.9
    # via httpx
httpx==0.28.1
    # via
    #   drosophila-sentinel
    #   respx
hypothesis==6.135.26
identify==2.6.20
    # via pre-commit
idna==3.20
    # via
    #   anyio
    #   httpx
    #   requests
iniconfig==2.3.0
    # via pytest
jinja2==3.1.6
    # via
    #   brian2
    #   torch
joblib==1.6.0
    # via scikit-learn
kiwisolver==1.5.1
    # via matplotlib
license-expression==30.4.4
    # via cyclonedx-python-lib
markdown-it-py==4.2.0
    # via rich
markupsafe==3.0.3
    # via jinja2
matplotlib==3.10.3
    # via drosophila-sentinel
mdurl==0.1.2
    # via markdown-it-py
mpmath==1.3.0
    # via sympy
msgpack==1.2.3
    # via cachecontrol
mypy==1.16.1
mypy-extensions==1.1.0
    # via mypy
networkx==3.5
    # via
    #   drosophila-sentinel
    #   torch
nodeenv==1.11.0
    # via pre-commit
numpy==2.2.6
    # via
    #   brian2
    #   contourpy
    #   drosophila-sentinel
    #   matplotlib
    #   pandas
    #   scikit-learn
    #   scipy
packageurl-python==0.17.6
    # via cyclonedx-python-lib
packaging==26.3
    # via
    #   brian2
    #   matplotlib
    #   pip-audit
    #   pip-requirements-parser
    #   pytest
    #   virtualenv
pandas==2.3.0
    # via drosophila-sentinel
pathspec==1.1.1
    # via mypy
pillow==12.3.0
    # via matplotlib
pip==26.2.1
    # via pip-api
pip-api==0.0.35
    # via pip-audit
pip-audit==2.9.0
pip-licenses==5.0.0
pip-requirements-parser==32.0.1
    # via pip-audit
platformdirs==4.12.2
    # via
    #   pip-audit
    #   virtualenv
pluggy==1.6.0
    # via
    #   pytest
    #   pytest-cov
pre-commit==4.2.0
prettytable==3.18.0
    # via pip-licenses
py-cpuinfo==9.0.0 ; sys_platform == 'win32'
    # via brian2
py-serializable==2.1.0
    # via cyclonedx-python-lib
pyarrow==20.0.0
    # via drosophila-sentinel
pydantic==2.11.7
    # via drosophila-sentinel
pydantic-core==2.33.2
    # via pydantic
pygments==2.21.0
    # via
    #   pytest
    #   rich
pyparsing==3.3.3
    # via
    #   brian2
    #   matplotlib
    #   pip-requirements-parser
pytest==9.0.3
    # via
    #   pytest-cov
    #   pytest-socket
    #   pytest-timeout
pytest-cov==6.2.1
pytest-socket==0.7.0
pytest-timeout==2.4.0
python-dateutil==2.9.0.post0
    # via
    #   matplotlib
    #   pandas
python-discovery==1.6.1
    # via virtualenv
pytz==2026.4
    # via pandas
pyyaml==6.0.2
    # via
    #   bandit
    #   detect-secrets
    #   drosophila-sentinel
    #   pre-commit
requests==2.34.2
    # via
    #   cachecontrol
    #   detect-secrets
    #   pip-audit
respx==0.22.0
rich==15.0.0
    # via
    #   bandit
    #   pip-audit
    #   typer
ruff==0.12.0
scikit-learn==1.7.0
    # via drosophila-sentinel
scipy==1.15.3
    # via
    #   drosophila-sentinel
    #   scikit-learn
setuptools==84.0.0
    # via brian2
shellingham==1.5.4
    # via typer
six==1.17.0
    # via python-dateutil
sortedcontainers==2.4.0
    # via
    #   cyclonedx-python-lib
    #   hypothesis
stevedore==5.9.1
    # via bandit
sympy==1.14.0
    # via
    #   brian2
    #   torch
threadpoolctl==3.7.0
    # via scikit-learn
toml==0.10.2
    # via pip-audit
tomli==2.4.1
    # via
    #   coverage
    #   pip-licenses
torch==2.7.1 ; sys_platform == 'darwin'
    # via drosophila-sentinel
torch==2.7.1+cpu ; sys_platform != 'darwin'
    # via drosophila-sentinel
typer==0.16.0
    # via drosophila-sentinel
typing-extensions==4.16.0
    # via
    #   anyio
    #   mypy
    #   pydantic
    #   pydantic-core
    #   torch
    #   typer
    #   typing-inspection
typing-inspection==0.4.4
    # via pydantic
tzdata==2026.4
    # via pandas
urllib3==2.8.0
    # via requests
virtualenv==21.14.1
    # via pre-commit
wcwidth==0.9.1
    # via prettytable
